
Microsoft Visual Studio Solution File, Format Version 12.00
# Visual Studio Version 17
VisualStudioVersion = 17.4.33213.308
MinimumVisualStudioVersion = 10.0.40219.1
Project("{8BC9CEB8-8B4A-11D0-8D11-00A0C91BC942}") = "NoelMrowiecProj2", "NoelMrowiecProj2.vcxproj", "{81BD7408-ACAC-4117-BDC9-A253403A9811}"
EndProject
Global
	GlobalSection(SolutionConfigurationPlatforms) = preSolution
		Debug|x64 = Debug|x64
		Debug|x86 = Debug|x86
		Release|x64 = Release|x64
		Release|x86 = Release|x86
	EndGlobalSection
	GlobalSection(ProjectConfigurationPlatforms) = postSolution
		{81BD7408-ACAC-4117-BDC9-A253403A9811}.Debug|x64.ActiveCfg = Debug|x64
		{81BD7408-ACAC-4117-BDC9-A253403A9811}.Debug|x64.Build.0 = Debug|x64
		{81BD7408-ACAC-4117-BDC9-A253403A9811}.Debug|x86.ActiveCfg = Debug|Win32
		{81BD7408-ACAC-4117-BDC9-A253403A9811}.Debug|x86.Build.0 = Debug|Win32
		{81BD7408-ACAC-4117-BDC9-A253403A9811}.Release|x64.ActiveCfg = Release|x64
		{81BD7408-ACAC-4117-BDC9-A253403A9811}.Release|x64.Build.0 = Release|x64
		{81BD7408-ACAC-4117-BDC9-A253403A9811}.Release|x86.ActiveCfg = Release|Win32
		{81BD7408-ACAC-4117-BDC9-A253403A9811}.Release|x86.Build.0 = Release|Win32
	EndGlobalSection
	GlobalSection(SolutionProperties) = preSolution
		HideSolutionNode = FALSE
	EndGlobalSection
	GlobalSection(ExtensibilityGlobals) = postSolution
		SolutionGuid = {2352026D-7F3E-45EA-B097-33BB286B1718}
	EndGlobalSection
EndGlobal
